{
  "version": 4,
  "terraform_version": "0.12.30",
  "serial": 1151,
  "lineage": "8032d2cb-c022-4381-7242-16204ba8b3d8",
  "outputs": {
    "elb-dns-name": {
      "value": "terra-elb-1122196409.us-east-1.elb.amazonaws.com",
      "type": "string"
    }
  },
  "resources": [
    {
      "mode": "managed",
      "type": "aws_autoscaling_group",
      "name": "webserver_ASG",
      "each": "list",
      "provider": "provider.aws",
      "instances": [
        {
          "index_key": 0,
          "schema_version": 0,
          "attributes": {
            "arn": "arn:aws:autoscaling:us-east-1:430681945589:autoScalingGroup:b6e035f0-d2ba-4362-a42f-ebab0a042f96:autoScalingGroupName/tf-asg-20210307200751701000000002",
            "availability_zones": [
              "us-east-1a",
              "us-east-1b"
            ],
            "capacity_rebalance": false,
            "default_cooldown": 300,
            "desired_capacity": 2,
            "enabled_metrics": [
              "GroupDesiredCapacity",
              "GroupInServiceInstances",
              "GroupMaxSize",
              "GroupMinSize",
              "GroupTotalInstances"
            ],
            "force_delete": false,
            "health_check_grace_period": 300,
            "health_check_type": "ELB",
            "id": "tf-asg-20210307200751701000000002",
            "initial_lifecycle_hook": [],
            "instance_refresh": [],
            "launch_configuration": "terraform-20210307200739226900000001",
            "launch_template": [],
            "load_balancers": [
              "terra-elb"
            ],
            "max_instance_lifetime": 0,
            "max_size": 10,
            "metrics_granularity": "1Minute",
            "min_elb_capacity": null,
            "min_size": 2,
            "mixed_instances_policy": [],
            "name": "tf-asg-20210307200751701000000002",
            "name_prefix": null,
            "placement_group": "",
            "protect_from_scale_in": false,
            "service_linked_role_arn": "arn:aws:iam::430681945589:role/aws-service-role/autoscaling.amazonaws.com/AWSServiceRoleForAutoScaling",
            "suspended_processes": null,
            "tag": [
              {
                "key": "Name",
                "propagate_at_launch": true,
                "value": "Web-Servers"
              }
            ],
            "tags": null,
            "target_group_arns": null,
            "termination_policies": null,
            "timeouts": null,
            "vpc_zone_identifier": [
              "subnet-0755ae2af470dfbbd",
              "subnet-0a891f669470ab3ad"
            ],
            "wait_for_capacity_timeout": "10m",
            "wait_for_elb_capacity": null
          },
          "private": "eyJlMmJmYjczMC1lY2FhLTExZTYtOGY4OC0zNDM2M2JjN2M0YzAiOnsiZGVsZXRlIjo2MDAwMDAwMDAwMDB9fQ==",
          "dependencies": [
            "aws_elb.terra-elb",
            "aws_launch_configuration.webserver",
            "aws_security_group.webservers",
            "aws_subnet.private",
            "aws_subnet.public",
            "aws_vpc.terra_vpc"
          ]
        }
      ]
    },
    {
      "mode": "managed",
      "type": "aws_autoscaling_policy",
      "name": "web_policy_down",
      "provider": "provider.aws",
      "instances": [
        {
          "schema_version": 0,
          "attributes": {
            "adjustment_type": "ChangeInCapacity",
            "arn": "arn:aws:autoscaling:us-east-1:430681945589:scalingPolicy:6bc2b93e-1244-41c6-9a33-86c41b168d15:autoScalingGroupName/tf-asg-20210307200751701000000002:policyName/web_policy_down",
            "autoscaling_group_name": "tf-asg-20210307200751701000000002",
            "cooldown": 300,
            "estimated_instance_warmup": 0,
            "id": "web_policy_down",
            "metric_aggregation_type": "",
            "min_adjustment_magnitude": null,
            "name": "web_policy_down",
            "policy_type": "SimpleScaling",
            "scaling_adjustment": -1,
            "step_adjustment": [],
            "target_tracking_configuration": []
          },
          "private": "bnVsbA==",
          "dependencies": [
            "aws_autoscaling_group.webserver_ASG",
            "aws_elb.terra-elb",
            "aws_launch_configuration.webserver",
            "aws_security_group.webservers",
            "aws_subnet.private",
            "aws_subnet.public",
            "aws_vpc.terra_vpc"
          ]
        }
      ]
    },
    {
      "mode": "managed",
      "type": "aws_autoscaling_policy",
      "name": "web_policy_up",
      "provider": "provider.aws",
      "instances": [
        {
          "schema_version": 0,
          "attributes": {
            "adjustment_type": "ChangeInCapacity",
            "arn": "arn:aws:autoscaling:us-east-1:430681945589:scalingPolicy:ab8ecafb-91d8-4268-9182-69212aadf807:autoScalingGroupName/tf-asg-20210307200751701000000002:policyName/web_policy_up",
            "autoscaling_group_name": "tf-asg-20210307200751701000000002",
            "cooldown": 300,
            "estimated_instance_warmup": 0,
            "id": "web_policy_up",
            "metric_aggregation_type": "",
            "min_adjustment_magnitude": null,
            "name": "web_policy_up",
            "policy_type": "SimpleScaling",
            "scaling_adjustment": 1,
            "step_adjustment": [],
            "target_tracking_configuration": []
          },
          "private": "bnVsbA==",
          "dependencies": [
            "aws_autoscaling_group.webserver_ASG",
            "aws_elb.terra-elb",
            "aws_launch_configuration.webserver",
            "aws_security_group.webservers",
            "aws_subnet.private",
            "aws_subnet.public",
            "aws_vpc.terra_vpc"
          ]
        }
      ]
    },
    {
      "mode": "managed",
      "type": "aws_cloudwatch_metric_alarm",
      "name": "web_cpu_alarm_down",
      "provider": "provider.aws",
      "instances": [
        {
          "schema_version": 1,
          "attributes": {
            "actions_enabled": true,
            "alarm_actions": [
              "arn:aws:autoscaling:us-east-1:430681945589:scalingPolicy:6bc2b93e-1244-41c6-9a33-86c41b168d15:autoScalingGroupName/tf-asg-20210307200751701000000002:policyName/web_policy_down"
            ],
            "alarm_description": "This metric monitor EC2 instance CPU utilization",
            "alarm_name": "web_cpu_alarm_down",
            "arn": "arn:aws:cloudwatch:us-east-1:430681945589:alarm:web_cpu_alarm_down",
            "comparison_operator": "LessThanOrEqualToThreshold",
            "datapoints_to_alarm": 0,
            "dimensions": {
              "AutoScalingGroupName": "tf-asg-20210307200751701000000002"
            },
            "evaluate_low_sample_count_percentiles": "",
            "evaluation_periods": 2,
            "extended_statistic": "",
            "id": "web_cpu_alarm_down",
            "insufficient_data_actions": null,
            "metric_name": "CPUUtilization",
            "metric_query": [],
            "namespace": "AWS/EC2",
            "ok_actions": null,
            "period": 120,
            "statistic": "Average",
            "tags": null,
            "threshold": 10,
            "threshold_metric_id": "",
            "treat_missing_data": "missing",
            "unit": ""
          },
          "private": "eyJzY2hlbWFfdmVyc2lvbiI6IjEifQ==",
          "dependencies": [
            "aws_autoscaling_group.webserver_ASG",
            "aws_autoscaling_policy.web_policy_down",
            "aws_elb.terra-elb",
            "aws_launch_configuration.webserver",
            "aws_security_group.webservers",
            "aws_subnet.private",
            "aws_subnet.public",
            "aws_vpc.terra_vpc"
          ]
        }
      ]
    },
    {
      "mode": "managed",
      "type": "aws_cloudwatch_metric_alarm",
      "name": "web_cpu_alarm_up",
      "provider": "provider.aws",
      "instances": [
        {
          "schema_version": 1,
          "attributes": {
            "actions_enabled": true,
            "alarm_actions": null,
            "alarm_description": "",
            "alarm_name": "web_cpu_alarm_up",
            "arn": "arn:aws:cloudwatch:us-east-1:430681945589:alarm:web_cpu_alarm_up",
            "comparison_operator": "GreaterThanOrEqualToThreshold",
            "datapoints_to_alarm": 0,
            "dimensions": {
              "AutoScalingGroupName": "tf-asg-20210307200751701000000002"
            },
            "evaluate_low_sample_count_percentiles": "",
            "evaluation_periods": 2,
            "extended_statistic": "",
            "id": "web_cpu_alarm_up",
            "insufficient_data_actions": null,
            "metric_name": "CPUUtilization",
            "metric_query": [],
            "namespace": "AWS/EC2",
            "ok_actions": null,
            "period": 120,
            "statistic": "Average",
            "tags": null,
            "threshold": 60,
            "threshold_metric_id": "",
            "treat_missing_data": "missing",
            "unit": ""
          },
          "private": "eyJzY2hlbWFfdmVyc2lvbiI6IjEifQ==",
          "dependencies": [
            "aws_autoscaling_group.webserver_ASG",
            "aws_elb.terra-elb",
            "aws_launch_configuration.webserver",
            "aws_security_group.webservers",
            "aws_subnet.private",
            "aws_subnet.public",
            "aws_vpc.terra_vpc"
          ]
        }
      ]
    },
    {
      "mode": "managed",
      "type": "aws_eip",
      "name": "Nat-Gateway-EIP",
      "each": "list",
      "provider": "provider.aws",
      "instances": [
        {
          "index_key": 0,
          "schema_version": 0,
          "attributes": {
            "allocation_id": null,
            "associate_with_private_ip": null,
            "association_id": "",
            "carrier_ip": "",
            "customer_owned_ip": "",
            "customer_owned_ipv4_pool": "",
            "domain": "vpc",
            "id": "eipalloc-09c2ca39f835aea9a",
            "instance": "",
            "network_border_group": "us-east-1",
            "network_interface": "",
            "private_dns": null,
            "private_ip": "",
            "public_dns": "ec2-34-200-95-166.compute-1.amazonaws.com",
            "public_ip": "34.200.95.166",
            "public_ipv4_pool": "amazon",
            "tags": null,
            "timeouts": null,
            "vpc": true
          },
          "private": "eyJlMmJmYjczMC1lY2FhLTExZTYtOGY4OC0zNDM2M2JjN2M0YzAiOnsiZGVsZXRlIjoxODAwMDAwMDAwMDAsInJlYWQiOjkwMDAwMDAwMDAwMCwidXBkYXRlIjozMDAwMDAwMDAwMDB9fQ==",
          "dependencies": [
            "aws_internet_gateway.terra_igw",
            "aws_route_table.public_rt",
            "aws_route_table_association.public",
            "aws_subnet.public",
            "aws_vpc.terra_vpc"
          ]
        },
        {
          "index_key": 1,
          "schema_version": 0,
          "attributes": {
            "allocation_id": null,
            "associate_with_private_ip": null,
            "association_id": "",
            "carrier_ip": "",
            "customer_owned_ip": "",
            "customer_owned_ipv4_pool": "",
            "domain": "vpc",
            "id": "eipalloc-07f3a5c733bc3ed88",
            "instance": "",
            "network_border_group": "us-east-1",
            "network_interface": "",
            "private_dns": null,
            "private_ip": "",
            "public_dns": "ec2-3-213-62-187.compute-1.amazonaws.com",
            "public_ip": "3.213.62.187",
            "public_ipv4_pool": "amazon",
            "tags": null,
            "timeouts": null,
            "vpc": true
          },
          "private": "eyJlMmJmYjczMC1lY2FhLTExZTYtOGY4OC0zNDM2M2JjN2M0YzAiOnsiZGVsZXRlIjoxODAwMDAwMDAwMDAsInJlYWQiOjkwMDAwMDAwMDAwMCwidXBkYXRlIjozMDAwMDAwMDAwMDB9fQ==",
          "dependencies": [
            "aws_internet_gateway.terra_igw",
            "aws_route_table.public_rt",
            "aws_route_table_association.public",
            "aws_subnet.public",
            "aws_vpc.terra_vpc"
          ]
        }
      ]
    },
    {
      "mode": "managed",
      "type": "aws_elb",
      "name": "terra-elb",
      "provider": "provider.aws",
      "instances": [
        {
          "schema_version": 0,
          "attributes": {
            "access_logs": [],
            "arn": "arn:aws:elasticloadbalancing:us-east-1:430681945589:loadbalancer/terra-elb",
            "availability_zones": [
              "us-east-1a",
              "us-east-1b"
            ],
            "connection_draining": true,
            "connection_draining_timeout": 300,
            "cross_zone_load_balancing": true,
            "dns_name": "terra-elb-1122196409.us-east-1.elb.amazonaws.com",
            "health_check": [
              {
                "healthy_threshold": 2,
                "interval": 6,
                "target": "HTTP:80/index.html",
                "timeout": 3,
                "unhealthy_threshold": 2
              }
            ],
            "id": "terra-elb",
            "idle_timeout": 100,
            "instances": [],
            "internal": false,
            "listener": [
              {
                "instance_port": 80,
                "instance_protocol": "http",
                "lb_port": 80,
                "lb_protocol": "http",
                "ssl_certificate_id": ""
              }
            ],
            "name": "terra-elb",
            "name_prefix": null,
            "security_groups": [
              "sg-099154cb9c35e668b"
            ],
            "source_security_group": "430681945589/allow_http",
            "source_security_group_id": "sg-099154cb9c35e668b",
            "subnets": [
              "subnet-06962c083b8d55c1a",
              "subnet-0b993eff0501626f3"
            ],
            "tags": {
              "Name": "terraform-elb"
            },
            "zone_id": "Z35SXDOTRQ7X7K"
          },
          "private": "bnVsbA==",
          "dependencies": [
            "aws_security_group.webservers",
            "aws_subnet.public",
            "aws_vpc.terra_vpc"
          ]
        }
      ]
    },
    {
      "mode": "managed",
      "type": "aws_internet_gateway",
      "name": "terra_igw",
      "provider": "provider.aws",
      "instances": [
        {
          "schema_version": 0,
          "attributes": {
            "arn": "arn:aws:ec2:us-east-1:430681945589:internet-gateway/igw-03fe088579dc4df24",
            "id": "igw-03fe088579dc4df24",
            "owner_id": "430681945589",
            "tags": {
              "Name": "main"
            },
            "vpc_id": "vpc-06572f7b9824ba427"
          },
          "private": "bnVsbA==",
          "dependencies": [
            "aws_vpc.terra_vpc"
          ]
        }
      ]
    },
    {
      "mode": "managed",
      "type": "aws_launch_configuration",
      "name": "webserver",
      "provider": "provider.aws",
      "instances": [
        {
          "schema_version": 0,
          "attributes": {
            "arn": "arn:aws:autoscaling:us-east-1:430681945589:launchConfiguration:1ea464fb-c538-43f2-a8cd-839813ea96ee:launchConfigurationName/terraform-20210307200739226900000001",
            "associate_public_ip_address": false,
            "ebs_block_device": [
              {
                "delete_on_termination": true,
                "device_name": "/dev/sdb",
                "encrypted": true,
                "iops": 0,
                "no_device": false,
                "snapshot_id": "",
                "volume_size": 15,
                "volume_type": "gp2"
              },
              {
                "delete_on_termination": true,
                "device_name": "/dev/sdc",
                "encrypted": true,
                "iops": 0,
                "no_device": false,
                "snapshot_id": "",
                "volume_size": 20,
                "volume_type": "gp2"
              }
            ],
            "ebs_optimized": false,
            "enable_monitoring": true,
            "ephemeral_block_device": [],
            "iam_instance_profile": "",
            "id": "terraform-20210307200739226900000001",
            "image_id": "ami-0915bcb5fa77e4892",
            "instance_type": "t2.micro",
            "key_name": "",
            "metadata_options": [],
            "name": "terraform-20210307200739226900000001",
            "name_prefix": null,
            "placement_tenancy": null,
            "root_block_device": [
              {
                "delete_on_termination": true,
                "encrypted": true,
                "iops": 0,
                "volume_size": 10,
                "volume_type": "gp2"
              }
            ],
            "security_groups": [
              "sg-099154cb9c35e668b"
            ],
            "spot_price": "",
            "user_data": "0e01ec8aea5c1eb8951a9e5df32d7a6c37a00e31",
            "user_data_base64": null,
            "vpc_classic_link_id": "",
            "vpc_classic_link_security_groups": null
          },
          "private": "bnVsbA==",
          "dependencies": [
            "aws_security_group.webservers",
            "aws_vpc.terra_vpc"
          ]
        }
      ]
    },
    {
      "mode": "managed",
      "type": "aws_nat_gateway",
      "name": "webserver_NAT",
      "each": "list",
      "provider": "provider.aws",
      "instances": [
        {
          "index_key": 0,
          "schema_version": 0,
          "attributes": {
            "allocation_id": "eipalloc-09c2ca39f835aea9a",
            "id": "nat-02c11cf4d931d6b1f",
            "network_interface_id": "eni-0ccdb747c01841b20",
            "private_ip": "10.0.0.61",
            "public_ip": "34.200.95.166",
            "subnet_id": "subnet-06962c083b8d55c1a",
            "tags": {
              "Name": "Nat-Gateway_Project"
            }
          },
          "private": "bnVsbA==",
          "dependencies": [
            "aws_eip.Nat-Gateway-EIP",
            "aws_internet_gateway.terra_igw",
            "aws_route_table.public_rt",
            "aws_route_table_association.public",
            "aws_subnet.public",
            "aws_vpc.terra_vpc"
          ]
        },
        {
          "index_key": 1,
          "schema_version": 0,
          "attributes": {
            "allocation_id": "eipalloc-07f3a5c733bc3ed88",
            "id": "nat-08614d20fb92b5f2c",
            "network_interface_id": "eni-091306810bae9b646",
            "private_ip": "10.0.1.196",
            "public_ip": "3.213.62.187",
            "subnet_id": "subnet-0b993eff0501626f3",
            "tags": {
              "Name": "Nat-Gateway_Project"
            }
          },
          "private": "bnVsbA==",
          "dependencies": [
            "aws_eip.Nat-Gateway-EIP",
            "aws_internet_gateway.terra_igw",
            "aws_route_table.public_rt",
            "aws_route_table_association.public",
            "aws_subnet.public",
            "aws_vpc.terra_vpc"
          ]
        }
      ]
    },
    {
      "mode": "managed",
      "type": "aws_route_table",
      "name": "private_rt",
      "each": "list",
      "provider": "provider.aws",
      "instances": [
        {
          "index_key": 0,
          "schema_version": 0,
          "attributes": {
            "id": "rtb-0b5259b2d485e87a7",
            "owner_id": "430681945589",
            "propagating_vgws": [],
            "route": [
              {
                "cidr_block": "0.0.0.0/0",
                "egress_only_gateway_id": "",
                "gateway_id": "",
                "instance_id": "",
                "ipv6_cidr_block": "",
                "local_gateway_id": "",
                "nat_gateway_id": "nat-02c11cf4d931d6b1f",
                "network_interface_id": "",
                "transit_gateway_id": "",
                "vpc_endpoint_id": "",
                "vpc_peering_connection_id": ""
              }
            ],
            "tags": {
              "Name": "privateRouteTable"
            },
            "vpc_id": "vpc-06572f7b9824ba427"
          },
          "private": "bnVsbA==",
          "dependencies": [
            "aws_eip.Nat-Gateway-EIP",
            "aws_internet_gateway.terra_igw",
            "aws_nat_gateway.webserver_NAT",
            "aws_route_table.public_rt",
            "aws_route_table_association.public",
            "aws_subnet.public",
            "aws_vpc.terra_vpc"
          ]
        },
        {
          "index_key": 1,
          "schema_version": 0,
          "attributes": {
            "id": "rtb-0d378c9eed58c89b9",
            "owner_id": "430681945589",
            "propagating_vgws": [],
            "route": [
              {
                "cidr_block": "0.0.0.0/0",
                "egress_only_gateway_id": "",
                "gateway_id": "",
                "instance_id": "",
                "ipv6_cidr_block": "",
                "local_gateway_id": "",
                "nat_gateway_id": "nat-08614d20fb92b5f2c",
                "network_interface_id": "",
                "transit_gateway_id": "",
                "vpc_endpoint_id": "",
                "vpc_peering_connection_id": ""
              }
            ],
            "tags": {
              "Name": "privateRouteTable"
            },
            "vpc_id": "vpc-06572f7b9824ba427"
          },
          "private": "bnVsbA==",
          "dependencies": [
            "aws_eip.Nat-Gateway-EIP",
            "aws_internet_gateway.terra_igw",
            "aws_nat_gateway.webserver_NAT",
            "aws_route_table.public_rt",
            "aws_route_table_association.public",
            "aws_subnet.public",
            "aws_vpc.terra_vpc"
          ]
        }
      ]
    },
    {
      "mode": "managed",
      "type": "aws_route_table",
      "name": "public_rt",
      "provider": "provider.aws",
      "instances": [
        {
          "schema_version": 0,
          "attributes": {
            "id": "rtb-0d3b984ab2418edf1",
            "owner_id": "430681945589",
            "propagating_vgws": [],
            "route": [
              {
                "cidr_block": "0.0.0.0/0",
                "egress_only_gateway_id": "",
                "gateway_id": "igw-03fe088579dc4df24",
                "instance_id": "",
                "ipv6_cidr_block": "",
                "local_gateway_id": "",
                "nat_gateway_id": "",
                "network_interface_id": "",
                "transit_gateway_id": "",
                "vpc_endpoint_id": "",
                "vpc_peering_connection_id": ""
              }
            ],
            "tags": {
              "Name": "publicRouteTable"
            },
            "vpc_id": "vpc-06572f7b9824ba427"
          },
          "private": "bnVsbA==",
          "dependencies": [
            "aws_internet_gateway.terra_igw",
            "aws_vpc.terra_vpc"
          ]
        }
      ]
    },
    {
      "mode": "managed",
      "type": "aws_route_table_association",
      "name": "private",
      "each": "list",
      "provider": "provider.aws",
      "instances": [
        {
          "index_key": 0,
          "schema_version": 0,
          "attributes": {
            "gateway_id": null,
            "id": "rtbassoc-0fbc81344c0872aad",
            "route_table_id": "rtb-0b5259b2d485e87a7",
            "subnet_id": "subnet-0a891f669470ab3ad"
          },
          "private": "bnVsbA==",
          "dependencies": [
            "aws_eip.Nat-Gateway-EIP",
            "aws_internet_gateway.terra_igw",
            "aws_nat_gateway.webserver_NAT",
            "aws_route_table.private_rt",
            "aws_route_table.public_rt",
            "aws_route_table_association.public",
            "aws_subnet.private",
            "aws_subnet.public",
            "aws_vpc.terra_vpc"
          ]
        },
        {
          "index_key": 1,
          "schema_version": 0,
          "attributes": {
            "gateway_id": null,
            "id": "rtbassoc-08ac9cc429a250d7a",
            "route_table_id": "rtb-0d378c9eed58c89b9",
            "subnet_id": "subnet-0755ae2af470dfbbd"
          },
          "private": "bnVsbA==",
          "dependencies": [
            "aws_eip.Nat-Gateway-EIP",
            "aws_internet_gateway.terra_igw",
            "aws_nat_gateway.webserver_NAT",
            "aws_route_table.private_rt",
            "aws_route_table.public_rt",
            "aws_route_table_association.public",
            "aws_subnet.private",
            "aws_subnet.public",
            "aws_vpc.terra_vpc"
          ]
        }
      ]
    },
    {
      "mode": "managed",
      "type": "aws_route_table_association",
      "name": "public",
      "each": "list",
      "provider": "provider.aws",
      "instances": [
        {
          "index_key": 0,
          "schema_version": 0,
          "attributes": {
            "gateway_id": null,
            "id": "rtbassoc-070a1e7328ae1bd05",
            "route_table_id": "rtb-0d3b984ab2418edf1",
            "subnet_id": "subnet-06962c083b8d55c1a"
          },
          "private": "bnVsbA==",
          "dependencies": [
            "aws_internet_gateway.terra_igw",
            "aws_route_table.public_rt",
            "aws_subnet.public",
            "aws_vpc.terra_vpc"
          ]
        },
        {
          "index_key": 1,
          "schema_version": 0,
          "attributes": {
            "gateway_id": null,
            "id": "rtbassoc-05b177c2e8672d16a",
            "route_table_id": "rtb-0d3b984ab2418edf1",
            "subnet_id": "subnet-0b993eff0501626f3"
          },
          "private": "bnVsbA==",
          "dependencies": [
            "aws_internet_gateway.terra_igw",
            "aws_route_table.public_rt",
            "aws_subnet.public",
            "aws_vpc.terra_vpc"
          ]
        }
      ]
    },
    {
      "mode": "managed",
      "type": "aws_security_group",
      "name": "webservers",
      "provider": "provider.aws",
      "instances": [
        {
          "schema_version": 1,
          "attributes": {
            "arn": "arn:aws:ec2:us-east-1:430681945589:security-group/sg-099154cb9c35e668b",
            "description": "Allow http inbound traffic",
            "egress": [
              {
                "cidr_blocks": [
                  "0.0.0.0/0"
                ],
                "description": "",
                "from_port": 0,
                "ipv6_cidr_blocks": [],
                "prefix_list_ids": [],
                "protocol": "-1",
                "security_groups": [],
                "self": false,
                "to_port": 0
              }
            ],
            "id": "sg-099154cb9c35e668b",
            "ingress": [
              {
                "cidr_blocks": [
                  "0.0.0.0/0"
                ],
                "description": "",
                "from_port": 22,
                "ipv6_cidr_blocks": [],
                "prefix_list_ids": [],
                "protocol": "tcp",
                "security_groups": [],
                "self": false,
                "to_port": 22
              },
              {
                "cidr_blocks": [
                  "0.0.0.0/0"
                ],
                "description": "",
                "from_port": 80,
                "ipv6_cidr_blocks": [],
                "prefix_list_ids": [],
                "protocol": "tcp",
                "security_groups": [],
                "self": false,
                "to_port": 80
              }
            ],
            "name": "allow_http",
            "name_prefix": "",
            "owner_id": "430681945589",
            "revoke_rules_on_delete": false,
            "tags": null,
            "timeouts": null,
            "vpc_id": "vpc-06572f7b9824ba427"
          },
          "private": "eyJlMmJmYjczMC1lY2FhLTExZTYtOGY4OC0zNDM2M2JjN2M0YzAiOnsiY3JlYXRlIjo2MDAwMDAwMDAwMDAsImRlbGV0ZSI6NjAwMDAwMDAwMDAwfSwic2NoZW1hX3ZlcnNpb24iOiIxIn0=",
          "dependencies": [
            "aws_vpc.terra_vpc"
          ]
        }
      ]
    },
    {
      "mode": "managed",
      "type": "aws_subnet",
      "name": "private",
      "each": "list",
      "provider": "provider.aws",
      "instances": [
        {
          "index_key": 0,
          "schema_version": 1,
          "attributes": {
            "arn": "arn:aws:ec2:us-east-1:430681945589:subnet/subnet-0a891f669470ab3ad",
            "assign_ipv6_address_on_creation": false,
            "availability_zone": "us-east-1a",
            "availability_zone_id": "use1-az2",
            "cidr_block": "10.0.16.0/20",
            "customer_owned_ipv4_pool": "",
            "id": "subnet-0a891f669470ab3ad",
            "ipv6_cidr_block": "",
            "ipv6_cidr_block_association_id": "",
            "map_customer_owned_ip_on_launch": false,
            "map_public_ip_on_launch": false,
            "outpost_arn": "",
            "owner_id": "430681945589",
            "tags": {
              "Name": "Private-Subnet-1"
            },
            "timeouts": null,
            "vpc_id": "vpc-06572f7b9824ba427"
          },
          "private": "eyJlMmJmYjczMC1lY2FhLTExZTYtOGY4OC0zNDM2M2JjN2M0YzAiOnsiY3JlYXRlIjo2MDAwMDAwMDAwMDAsImRlbGV0ZSI6MTIwMDAwMDAwMDAwMH0sInNjaGVtYV92ZXJzaW9uIjoiMSJ9",
          "dependencies": [
            "aws_vpc.terra_vpc"
          ]
        },
        {
          "index_key": 1,
          "schema_version": 1,
          "attributes": {
            "arn": "arn:aws:ec2:us-east-1:430681945589:subnet/subnet-0755ae2af470dfbbd",
            "assign_ipv6_address_on_creation": false,
            "availability_zone": "us-east-1b",
            "availability_zone_id": "use1-az4",
            "cidr_block": "10.0.32.0/20",
            "customer_owned_ipv4_pool": "",
            "id": "subnet-0755ae2af470dfbbd",
            "ipv6_cidr_block": "",
            "ipv6_cidr_block_association_id": "",
            "map_customer_owned_ip_on_launch": false,
            "map_public_ip_on_launch": false,
            "outpost_arn": "",
            "owner_id": "430681945589",
            "tags": {
              "Name": "Private-Subnet-2"
            },
            "timeouts": null,
            "vpc_id": "vpc-06572f7b9824ba427"
          },
          "private": "eyJlMmJmYjczMC1lY2FhLTExZTYtOGY4OC0zNDM2M2JjN2M0YzAiOnsiY3JlYXRlIjo2MDAwMDAwMDAwMDAsImRlbGV0ZSI6MTIwMDAwMDAwMDAwMH0sInNjaGVtYV92ZXJzaW9uIjoiMSJ9",
          "dependencies": [
            "aws_vpc.terra_vpc"
          ]
        }
      ]
    },
    {
      "mode": "managed",
      "type": "aws_subnet",
      "name": "public",
      "each": "list",
      "provider": "provider.aws",
      "instances": [
        {
          "index_key": 0,
          "schema_version": 1,
          "attributes": {
            "arn": "arn:aws:ec2:us-east-1:430681945589:subnet/subnet-06962c083b8d55c1a",
            "assign_ipv6_address_on_creation": false,
            "availability_zone": "us-east-1a",
            "availability_zone_id": "use1-az2",
            "cidr_block": "10.0.0.0/24",
            "customer_owned_ipv4_pool": "",
            "id": "subnet-06962c083b8d55c1a",
            "ipv6_cidr_block": "",
            "ipv6_cidr_block_association_id": "",
            "map_customer_owned_ip_on_launch": false,
            "map_public_ip_on_launch": true,
            "outpost_arn": "",
            "owner_id": "430681945589",
            "tags": {
              "Name": "Public-Subnet-1"
            },
            "timeouts": null,
            "vpc_id": "vpc-06572f7b9824ba427"
          },
          "private": "eyJlMmJmYjczMC1lY2FhLTExZTYtOGY4OC0zNDM2M2JjN2M0YzAiOnsiY3JlYXRlIjo2MDAwMDAwMDAwMDAsImRlbGV0ZSI6MTIwMDAwMDAwMDAwMH0sInNjaGVtYV92ZXJzaW9uIjoiMSJ9",
          "dependencies": [
            "aws_vpc.terra_vpc"
          ]
        },
        {
          "index_key": 1,
          "schema_version": 1,
          "attributes": {
            "arn": "arn:aws:ec2:us-east-1:430681945589:subnet/subnet-0b993eff0501626f3",
            "assign_ipv6_address_on_creation": false,
            "availability_zone": "us-east-1b",
            "availability_zone_id": "use1-az4",
            "cidr_block": "10.0.1.0/24",
            "customer_owned_ipv4_pool": "",
            "id": "subnet-0b993eff0501626f3",
            "ipv6_cidr_block": "",
            "ipv6_cidr_block_association_id": "",
            "map_customer_owned_ip_on_launch": false,
            "map_public_ip_on_launch": true,
            "outpost_arn": "",
            "owner_id": "430681945589",
            "tags": {
              "Name": "Public-Subnet-2"
            },
            "timeouts": null,
            "vpc_id": "vpc-06572f7b9824ba427"
          },
          "private": "eyJlMmJmYjczMC1lY2FhLTExZTYtOGY4OC0zNDM2M2JjN2M0YzAiOnsiY3JlYXRlIjo2MDAwMDAwMDAwMDAsImRlbGV0ZSI6MTIwMDAwMDAwMDAwMH0sInNjaGVtYV92ZXJzaW9uIjoiMSJ9",
          "dependencies": [
            "aws_vpc.terra_vpc"
          ]
        }
      ]
    },
    {
      "mode": "managed",
      "type": "aws_vpc",
      "name": "terra_vpc",
      "provider": "provider.aws",
      "instances": [
        {
          "schema_version": 1,
          "attributes": {
            "arn": "arn:aws:ec2:us-east-1:430681945589:vpc/vpc-06572f7b9824ba427",
            "assign_generated_ipv6_cidr_block": false,
            "cidr_block": "10.0.0.0/16",
            "default_network_acl_id": "acl-0762eafecc3120d7a",
            "default_route_table_id": "rtb-05354b8920ccb3225",
            "default_security_group_id": "sg-078fe33f765f2117a",
            "dhcp_options_id": "dopt-98f3a5e2",
            "enable_classiclink": false,
            "enable_classiclink_dns_support": false,
            "enable_dns_hostnames": false,
            "enable_dns_support": true,
            "id": "vpc-06572f7b9824ba427",
            "instance_tenancy": "default",
            "ipv6_association_id": "",
            "ipv6_cidr_block": "",
            "main_route_table_id": "rtb-05354b8920ccb3225",
            "owner_id": "430681945589",
            "tags": {
              "Name": "TerraVPC"
            }
          },
          "private": "eyJzY2hlbWFfdmVyc2lvbiI6IjEifQ=="
        }
      ]
    }
  ]
}
